
Microsoft Visual Studio Solution File, Format Version 12.00
# Visual Studio Version 16
VisualStudioVersion = 16.0.31424.327
MinimumVisualStudioVersion = 10.0.40219.1
Project("{FAE04EC0-301F-11D3-BF4B-00C04F79EFBC}") = "1272021", "1272021\1272021.csproj", "{8C9B8216-943E-474E-95DC-A03F4E6A8FEB}"
EndProject
Global
	GlobalSection(SolutionConfigurationPlatforms) = preSolution
		Debug|Any CPU = Debug|Any CPU
		Release|Any CPU = Release|Any CPU
	EndGlobalSection
	GlobalSection(ProjectConfigurationPlatforms) = postSolution
		{8C9B8216-943E-474E-95DC-A03F4E6A8FEB}.Debug|Any CPU.ActiveCfg = Debug|Any CPU
		{8C9B8216-943E-474E-95DC-A03F4E6A8FEB}.Debug|Any CPU.Build.0 = Debug|Any CPU
		{8C9B8216-943E-474E-95DC-A03F4E6A8FEB}.Release|Any CPU.ActiveCfg = Release|Any CPU
		{8C9B8216-943E-474E-95DC-A03F4E6A8FEB}.Release|Any CPU.Build.0 = Release|Any CPU
	EndGlobalSection
	GlobalSection(SolutionProperties) = preSolution
		HideSolutionNode = FALSE
	EndGlobalSection
	GlobalSection(ExtensibilityGlobals) = postSolution
		SolutionGuid = {4077855B-0D5A-43FD-B9C7-9EB6B4D2A481}
	EndGlobalSection
EndGlobal
